version = 1
revision = 3
requires-python = ">=3.14"

[[package]]
name = "bridge"
version = "0.1.0"
source = { virtual = "." }
dependencies = [
    { name = "gpib-ctypes" },
    { name = "psutil" },
    { name = "pymeasure" },
    { name = "pyside6" },
    { name = "pyvisa-py" },
    { name = "zeroconf" },
]

[package.metadata]
requires-dist = [
    { name = "gpib-ctypes", specifier = ">=0.3.0" },
    { name = "psutil", specifier = ">=7.2.2" },
    { name = "pymeasure", specifier = ">=0.15.0" },
    { name = "pyside6", specifier = ">=6.10.2" },
    { name = "pyvisa-py", specifier = ">=0.8.1" },
    { name = "zeroconf", specifier = ">=0.148.0" },
]

[[package]]
name = "colorama"
version = "0.4.6"
source = { registry = "https://pypi.org/simple" }
sdist = { url = "https://files.pythonhosted.org/packages/d8/53/6f443c9a4a8358a93a6792e2acffb9d9d5cb0a5cfd8802644b7b1c9a02e4/colorama-0.4.6.tar.gz", hash = "sha256:08695f5cb7ed6e0531a20572697297273c47b8cae5a63ffc6d6ed5c201be6e44", size = 27697, upload-time = "2022-10-25T02:36:22.414Z" }
wheels = [
    { url = "https://files.pythonhosted.org/packages/d1/d6/3965ed04c63042e047cb6a3e6ed1a63a35087b6a609aa3a15ed8ac56c221/colorama-0.4.6-py2.py3-none-any.whl", hash = "sha256:4f1d9991f5acc0ca119f9d443620b77f9d6b33703e51011c16baf57afb285fc6", size = 25335, upload-time = "2022-10-25T02:36:20.889Z" },
]

[[package]]
name = "flexcache"
version = "0.3"
source = { registry = "https://pypi.org/simple" }
dependencies = [
    { name = "typing-extensions" },
]
sdist = { url = "https://files.pythonhosted.org/packages/55/b0/8a21e330561c65653d010ef112bf38f60890051d244ede197ddaa08e50c1/flexcache-0.3.tar.gz", hash = "sha256:18743bd5a0621bfe2cf8d519e4c3bfdf57a269c15d1ced3fb4b64e0ff4600656", size = 15816, upload-time = "2024-03-09T03:21:07.555Z" }
wheels = [
    { url = "https://files.pythonhosted.org/packages/27/cd/c883e1a7c447479d6e13985565080e3fea88ab5a107c21684c813dba1875/flexcache-0.3-py3-none-any.whl", hash = "sha256:d43c9fea82336af6e0115e308d9d33a185390b8346a017564611f1466dcd2e32", size = 13263, upload-time = "2024-03-09T03:21:05.635Z" },
]

[[package]]
name = "flexparser"
version = "0.4"
source = { registry = "https://pypi.org/simple" }
dependencies = [
    { name = "typing-extensions" },
]
sdist = { url = "https://files.pythonhosted.org/packages/82/99/b4de7e39e8eaf8207ba1a8fa2241dd98b2ba72ae6e16960d8351736d8702/flexparser-0.4.tar.gz", hash = "sha256:266d98905595be2ccc5da964fe0a2c3526fbbffdc45b65b3146d75db992ef6b2", size = 31799, upload-time = "2024-11-07T02:00:56.249Z" }
wheels = [
    { url = "https://files.pythonhosted.org/packages/fe/5e/3be305568fe5f34448807976dc82fc151d76c3e0e03958f34770286278c1/flexparser-0.4-py3-none-any.whl", hash = "sha256:3738b456192dcb3e15620f324c447721023c0293f6af9955b481e91d00179846", size = 27625, upload-time = "2024-11-07T02:00:54.523Z" },
]

[[package]]
name = "gpib-ctypes"
version = "0.3.0"
source = { registry = "https://pypi.org/simple" }
sdist = { url = "https://files.pythonhosted.org/packages/01/be/fa6877f869665e855788d3bb351cfb788fa2207ee7686d1dd5919d441421/gpib_ctypes-0.3.0.tar.gz", hash = "sha256:73d97a4cd98ce0fb5bbe8a679c58b9475750f68dcc237f411c71cf486a9f8c26", size = 31380, upload-time = "2018-12-12T23:33:00.675Z" }
wheels = [
    { url = "https://files.pythonhosted.org/packages/95/fc/37a06f859dfdb3686285845d309c66815019330647a4c4b5d650cdf3c0f5/gpib_ctypes-0.3.0-py2.py3-none-any.whl", hash = "sha256:113bcc95980f7a165ea75ba3d19a1393df3cf27a58af69723e66e746cf32ed51", size = 16855, upload-time = "2018-12-12T23:32:58.936Z" },
]

[[package]]
name = "ifaddr"
version = "0.2.0"
source = { registry = "https://pypi.org/simple" }
sdist = { url = "https://files.pythonhosted.org/packages/e8/ac/fb4c578f4a3256561548cd825646680edcadb9440f3f68add95ade1eb791/ifaddr-0.2.0.tar.gz", hash = "sha256:cc0cbfcaabf765d44595825fb96a99bb12c79716b73b44330ea38ee2b0c4aed4", size = 10485, upload-time = "2022-06-15T21:40:27.561Z" }
wheels = [
    { url = "https://files.pythonhosted.org/packages/9c/1f/19ebc343cc71a7ffa78f17018535adc5cbdd87afb31d7c34874680148b32/ifaddr-0.2.0-py3-none-any.whl", hash = "sha256:085e0305cfe6f16ab12d72e2024030f5d52674afad6911bb1eee207177b8a748", size = 12314, upload-time = "2022-06-15T21:40:25.756Z" },
]

[[package]]
name = "numpy"
version = "2.4.3"
source = { registry = "https://pypi.org/simple" }
sdist = { url = "https://files.pythonhosted.org/packages/10/8b/c265f4823726ab832de836cdd184d0986dcf94480f81e8739692a7ac7af2/numpy-2.4.3.tar.gz", hash = "sha256:483a201202b73495f00dbc83796c6ae63137a9bdade074f7648b3e32613412dd", size = 20727743, upload-time = "2026-03-09T07:58:53.426Z" }
wheels = [
    { url = "https://files.pythonhosted.org/packages/70/ae/3936f79adebf8caf81bd7a599b90a561334a658be4dcc7b6329ebf4ee8de/numpy-2.4.3-cp314-cp314-macosx_10_15_x86_64.whl", hash = "sha256:5884ce5c7acfae1e4e1b6fde43797d10aa506074d25b531b4f54bde33c0c31d4", size = 16664563, upload-time = "2026-03-09T07:57:43.817Z" },
    { url = "https://files.pythonhosted.org/packages/9b/62/760f2b55866b496bb1fa7da2a6db076bef908110e568b02fcfc1422e2a3a/numpy-2.4.3-cp314-cp314-macosx_11_0_arm64.whl", hash = "sha256:297837823f5bc572c5f9379b0c9f3a3365f08492cbdc33bcc3af174372ebb168", size = 14702161, upload-time = "2026-03-09T07:57:46.169Z" },
    { url = "https://files.pythonhosted.org/packages/32/af/a7a39464e2c0a21526fb4fb76e346fb172ebc92f6d1c7a07c2c139cc17b1/numpy-2.4.3-cp314-cp314-macosx_14_0_arm64.whl", hash = "sha256:a111698b4a3f8dcbe54c64a7708f049355abd603e619013c346553c1fd4ca90b", size = 5208738, upload-time = "2026-03-09T07:57:48.506Z" },
    { url = "https://files.pythonhosted.org/packages/29/8c/2a0cf86a59558fa078d83805589c2de490f29ed4fb336c14313a161d358a/numpy-2.4.3-cp314-cp314-macosx_14_0_x86_64.whl", hash = "sha256:4bd4741a6a676770e0e97fe9ab2e51de01183df3dcbcec591d26d331a40de950", size = 6543618, upload-time = "2026-03-09T07:57:50.591Z" },
    { url = "https://files.pythonhosted.org/packages/aa/b8/612ce010c0728b1c363fa4ea3aa4c22fe1c5da1de008486f8c2f5cb92fae/numpy-2.4.3-cp314-cp314-manylinux_2_27_aarch64.manylinux_2_28_aarch64.whl", hash = "sha256:54f29b877279d51e210e0c80709ee14ccbbad647810e8f3d375561c45ef613dd", size = 15680676, upload-time = "2026-03-09T07:57:52.34Z" },
    { url = "https://files.pythonhosted.org/packages/a9/7e/4f120ecc54ba26ddf3dc348eeb9eb063f421de65c05fc961941798feea18/numpy-2.4.3-cp314-cp314-manylinux_2_27_x86_64.manylinux_2_28_x86_64.whl", hash = "sha256:679f2a834bae9020f81534671c56fd0cc76dd7e5182f57131478e23d0dc59e24", size = 16613492, upload-time = "2026-03-09T07:57:54.91Z" },
    { url = "https://files.pythonhosted.org/packages/2c/86/1b6020db73be330c4b45d5c6ee4295d59cfeef0e3ea323959d053e5a6909/numpy-2.4.3-cp314-cp314-musllinux_1_2_aarch64.whl", hash = "sha256:d84f0f881cb2225c2dfd7f78a10a5645d487a496c6668d6cc39f0f114164f3d0", size = 17031789, upload-time = "2026-03-09T07:57:57.641Z" },
    { url = "https://files.pythonhosted.org/packages/07/3a/3b90463bf41ebc21d1b7e06079f03070334374208c0f9a1f05e4ae8455e7/numpy-2.4.3-cp314-cp314-musllinux_1_2_x86_64.whl", hash = "sha256:d213c7e6e8d211888cc359bab7199670a00f5b82c0978b9d1c75baf1eddbeac0", size = 18339941, upload-time = "2026-03-09T07:58:00.577Z" },
    { url = "https://files.pythonhosted.org/packages/a8/74/6d736c4cd962259fd8bae9be27363eb4883a2f9069763747347544c2a487/numpy-2.4.3-cp314-cp314-win32.whl", hash = "sha256:52077feedeff7c76ed7c9f1a0428558e50825347b7545bbb8523da2cd55c547a", size = 6007503, upload-time = "2026-03-09T07:58:03.331Z" },
    { url = "https://files.pythonhosted.org/packages/48/39/c56ef87af669364356bb011922ef0734fc49dad51964568634c72a009488/numpy-2.4.3-cp314-cp314-win_amd64.whl", hash = "sha256:0448e7f9caefb34b4b7dd2b77f21e8906e5d6f0365ad525f9f4f530b13df2afc", size = 12444915, upload-time = "2026-03-09T07:58:06.353Z" },
    { url = "https://files.pythonhosted.org/packages/9d/1f/ab8528e38d295fd349310807496fabb7cf9fe2e1f70b97bc20a483ea9d4a/numpy-2.4.3-cp314-cp314-win_arm64.whl", hash = "sha256:b44fd60341c4d9783039598efadd03617fa28d041fc37d22b62d08f2027fa0e7", size = 10494875, upload-time = "2026-03-09T07:58:08.734Z" },
    { url = "https://files.pythonhosted.org/packages/e6/ef/b7c35e4d5ef141b836658ab21a66d1a573e15b335b1d111d31f26c8ef80f/numpy-2.4.3-cp314-cp314t-macosx_11_0_arm64.whl", hash = "sha256:0a195f4216be9305a73c0e91c9b026a35f2161237cf1c6de9b681637772ea657", size = 14822225, upload-time = "2026-03-09T07:58:11.034Z" },
    { url = "https://files.pythonhosted.org/packages/cd/8d/7730fa9278cf6648639946cc816e7cc89f0d891602584697923375f801ed/numpy-2.4.3-cp314-cp314t-macosx_14_0_arm64.whl", hash = "sha256:cd32fbacb9fd1bf041bf8e89e4576b6f00b895f06d00914820ae06a616bdfef7", size = 5328769, upload-time = "2026-03-09T07:58:13.67Z" },
    { url = "https://files.pythonhosted.org/packages/47/01/d2a137317c958b074d338807c1b6a383406cdf8b8e53b075d804cc3d211d/numpy-2.4.3-cp314-cp314t-macosx_14_0_x86_64.whl", hash = "sha256:2e03c05abaee1f672e9d67bc858f300b5ccba1c21397211e8d77d98350972093", size = 6649461, upload-time = "2026-03-09T07:58:15.912Z" },
    { url = "https://files.pythonhosted.org/packages/5c/34/812ce12bc0f00272a4b0ec0d713cd237cb390666eb6206323d1cc9cedbb2/numpy-2.4.3-cp314-cp314t-manylinux_2_27_aarch64.manylinux_2_28_aarch64.whl", hash = "sha256:7d1ce23cce91fcea443320a9d0ece9b9305d4368875bab09538f7a5b4131938a", size = 15725809, upload-time = "2026-03-09T07:58:17.787Z" },
    { url = "https://files.pythonhosted.org/packages/25/c0/2aed473a4823e905e765fee3dc2cbf504bd3e68ccb1150fbdabd5c39f527/numpy-2.4.3-cp314-cp314t-manylinux_2_27_x86_64.manylinux_2_28_x86_64.whl", hash = "sha256:c59020932feb24ed49ffd03704fbab89f22aa9c0d4b180ff45542fe8918f5611", size = 16655242, upload-time = "2026-03-09T07:58:20.476Z" },
    { url = "https://files.pythonhosted.org/packages/f2/c8/7e052b2fc87aa0e86de23f20e2c42bd261c624748aa8efd2c78f7bb8d8c6/numpy-2.4.3-cp314-cp314t-musllinux_1_2_aarch64.whl", hash = "sha256:9684823a78a6cd6ad7511fc5e25b07947d1d5b5e2812c93fe99d7d4195130720", size = 17080660, upload-time = "2026-03-09T07:58:23.067Z" },
    { url = "https://files.pythonhosted.org/packages/f3/3d/0876746044db2adcb11549f214d104f2e1be00f07a67edbb4e2812094847/numpy-2.4.3-cp314-cp314t-musllinux_1_2_x86_64.whl", hash = "sha256:0200b25c687033316fb39f0ff4e3e690e8957a2c3c8d22499891ec58c37a3eb5", size = 18380384, upload-time = "2026-03-09T07:58:25.839Z" },
    { url = "https://files.pythonhosted.org/packages/07/12/8160bea39da3335737b10308df4f484235fd297f556745f13092aa039d3b/numpy-2.4.3-cp314-cp314t-win32.whl", hash = "sha256:5e10da9e93247e554bb1d22f8edc51847ddd7dde52d85ce31024c1b4312bfba0", size = 6154547, upload-time = "2026-03-09T07:58:28.289Z" },
    { url = "https://files.pythonhosted.org/packages/42/f3/76534f61f80d74cc9cdf2e570d3d4eeb92c2280a27c39b0aaf471eda7b48/numpy-2.4.3-cp314-cp314t-win_amd64.whl", hash = "sha256:45f003dbdffb997a03da2d1d0cb41fbd24a87507fb41605c0420a3db5bd4667b", size = 12633645, upload-time = "2026-03-09T07:58:30.384Z" },
    { url = "https://files.pythonhosted.org/packages/1f/b6/7c0d4334c15983cec7f92a69e8ce9b1e6f31857e5ee3a413ac424e6bd63d/numpy-2.4.3-cp314-cp314t-win_arm64.whl", hash = "sha256:4d382735cecd7bcf090172489a525cd7d4087bc331f7df9f60ddc9a296cf208e", size = 10565454, upload-time = "2026-03-09T07:58:33.031Z" },
]

[[package]]
name = "pandas"
version = "2.3.3"
source = { registry = "https://pypi.org/simple" }
dependencies = [
    { name = "numpy" },
    { name = "python-dateutil" },
    { name = "pytz" },
    { name = "tzdata" },
]
sdist = { url = "https://files.pythonhosted.org/packages/33/01/d40b85317f86cf08d853a4f495195c73815fdf205eef3993821720274518/pandas-2.3.3.tar.gz", hash = "sha256:e05e1af93b977f7eafa636d043f9f94c7ee3ac81af99c13508215942e64c993b", size = 4495223, upload-time = "2025-09-29T23:34:51.853Z" }
wheels = [
    { url = "https://files.pythonhosted.org/packages/04/fd/74903979833db8390b73b3a8a7d30d146d710bd32703724dd9083950386f/pandas-2.3.3-cp314-cp314-macosx_10_13_x86_64.whl", hash = "sha256:ee15f284898e7b246df8087fc82b87b01686f98ee67d85a17b7ab44143a3a9a0", size = 11540635, upload-time = "2025-09-29T23:25:52.486Z" },
    { url = "https://files.pythonhosted.org/packages/21/00/266d6b357ad5e6d3ad55093a7e8efc7dd245f5a842b584db9f30b0f0a287/pandas-2.3.3-cp314-cp314-macosx_11_0_arm64.whl", hash = "sha256:1611aedd912e1ff81ff41c745822980c49ce4a7907537be8692c8dbc31924593", size = 10759079, upload-time = "2025-09-29T23:26:33.204Z" },
    { url = "https://files.pythonhosted.org/packages/ca/05/d01ef80a7a3a12b2f8bbf16daba1e17c98a2f039cbc8e2f77a2c5a63d382/pandas-2.3.3-cp314-cp314-manylinux_2_24_aarch64.manylinux_2_28_aarch64.whl", hash = "sha256:6d2cefc361461662ac48810cb14365a365ce864afe85ef1f447ff5a1e99ea81c", size = 11814049, upload-time = "2025-09-29T23:27:15.384Z" },
    { url = "https://files.pythonhosted.org/packages/15/b2/0e62f78c0c5ba7e3d2c5945a82456f4fac76c480940f805e0b97fcbc2f65/pandas-2.3.3-cp314-cp314-manylinux_2_24_x86_64.manylinux_2_28_x86_64.whl", hash = "sha256:ee67acbbf05014ea6c763beb097e03cd629961c8a632075eeb34247120abcb4b", size = 12332638, upload-time = "2025-09-29T23:27:51.625Z" },
    { url = "https://files.pythonhosted.org/packages/c5/33/dd70400631b62b9b29c3c93d2feee1d0964dc2bae2e5ad7a6c73a7f25325/pandas-2.3.3-cp314-cp314-musllinux_1_2_aarch64.whl", hash = "sha256:c46467899aaa4da076d5abc11084634e2d197e9460643dd455ac3db5856b24d6", size = 12886834, upload-time = "2025-09-29T23:28:21.289Z" },
    { url = "https://files.pythonhosted.org/packages/d3/18/b5d48f55821228d0d2692b34fd5034bb185e854bdb592e9c640f6290e012/pandas-2.3.3-cp314-cp314-musllinux_1_2_x86_64.whl", hash = "sha256:6253c72c6a1d990a410bc7de641d34053364ef8bcd3126f7e7450125887dffe3", size = 13409925, upload-time = "2025-09-29T23:28:58.261Z" },
    { url = "https://files.pythonhosted.org/packages/a6/3d/124ac75fcd0ecc09b8fdccb0246ef65e35b012030defb0e0eba2cbbbe948/pandas-2.3.3-cp314-cp314-win_amd64.whl", hash = "sha256:1b07204a219b3b7350abaae088f451860223a52cfb8a6c53358e7948735158e5", size = 11109071, upload-time = "2025-09-29T23:32:27.484Z" },
    { url = "https://files.pythonhosted.org/packages/89/9c/0e21c895c38a157e0faa1fb64587a9226d6dd46452cac4532d80c3c4a244/pandas-2.3.3-cp314-cp314t-macosx_10_13_x86_64.whl", hash = "sha256:2462b1a365b6109d275250baaae7b760fd25c726aaca0054649286bcfbb3e8ec", size = 12048504, upload-time = "2025-09-29T23:29:31.47Z" },
    { url = "https://files.pythonhosted.org/packages/d7/82/b69a1c95df796858777b68fbe6a81d37443a33319761d7c652ce77797475/pandas-2.3.3-cp314-cp314t-macosx_11_0_arm64.whl", hash = "sha256:0242fe9a49aa8b4d78a4fa03acb397a58833ef6199e9aa40a95f027bb3a1b6e7", size = 11410702, upload-time = "2025-09-29T23:29:54.591Z" },
    { url = "https://files.pythonhosted.org/packages/f9/88/702bde3ba0a94b8c73a0181e05144b10f13f29ebfc2150c3a79062a8195d/pandas-2.3.3-cp314-cp314t-manylinux_2_24_aarch64.manylinux_2_28_aarch64.whl", hash = "sha256:a21d830e78df0a515db2b3d2f5570610f5e6bd2e27749770e8bb7b524b89b450", size = 11634535, upload-time = "2025-09-29T23:30:21.003Z" },
    { url = "https://files.pythonhosted.org/packages/a4/1e/1bac1a839d12e6a82ec6cb40cda2edde64a2013a66963293696bbf31fbbb/pandas-2.3.3-cp314-cp314t-manylinux_2_24_x86_64.manylinux_2_28_x86_64.whl", hash = "sha256:2e3ebdb170b5ef78f19bfb71b0dc5dc58775032361fa188e814959b74d726dd5", size = 12121582, upload-time = "2025-09-29T23:30:43.391Z" },
    { url = "https://files.pythonhosted.org/packages/44/91/483de934193e12a3b1d6ae7c8645d083ff88dec75f46e827562f1e4b4da6/pandas-2.3.3-cp314-cp314t-musllinux_1_2_aarch64.whl", hash = "sha256:d051c0e065b94b7a3cea50eb1ec32e912cd96dba41647eb24104b6c6c14c5788", size = 12699963, upload-time = "2025-09-29T23:31:10.009Z" },
    { url = "https://files.pythonhosted.org/packages/70/44/5191d2e4026f86a2a109053e194d3ba7a31a2d10a9c2348368c63ed4e85a/pandas-2.3.3-cp314-cp314t-musllinux_1_2_x86_64.whl", hash = "sha256:3869faf4bd07b3b66a9f462417d0ca3a9df29a9f6abd5d0d0dbab15dac7abe87", size = 13202175, upload-time = "2025-09-29T23:31:59.173Z" },
]

[[package]]
name = "pint"
version = "0.25.2"
source = { registry = "https://pypi.org/simple" }
dependencies = [
    { name = "flexcache" },
    { name = "flexparser" },
    { name = "platformdirs" },
    { name = "typing-extensions" },
]
sdist = { url = "https://files.pythonhosted.org/packages/5f/74/bc3f671997158aef171194c3c4041e549946f4784b8690baa0626a0a164b/pint-0.25.2.tar.gz", hash = "sha256:85a45d1da8fe9c9f7477fed8aef59ad2b939af3d6611507e1a9cbdacdcd3450a", size = 254467, upload-time = "2025-11-06T22:08:09.184Z" }
wheels = [
    { url = "https://files.pythonhosted.org/packages/ab/88/550d41e81e6d43335603a960cd9c75c1d88f9cf01bc9d4ee8e86290aba7d/pint-0.25.2-py3-none-any.whl", hash = "sha256:ca35ab1d8eeeb6f7d9942b3cb5f34ca42b61cdd5fb3eae79531553dcca04dda7", size = 306762, upload-time = "2025-11-06T22:08:07.745Z" },
]

[[package]]
name = "platformdirs"
version = "4.9.4"
source = { registry = "https://pypi.org/simple" }
sdist = { url = "https://files.pythonhosted.org/packages/19/56/8d4c30c8a1d07013911a8fdbd8f89440ef9f08d07a1b50ab8ca8be5a20f9/platformdirs-4.9.4.tar.gz", hash = "sha256:1ec356301b7dc906d83f371c8f487070e99d3ccf9e501686456394622a01a934", size = 28737, upload-time = "2026-03-05T18:34:13.271Z" }
wheels = [
    { url = "https://files.pythonhosted.org/packages/63/d7/97f7e3a6abb67d8080dd406fd4df842c2be0efaf712d1c899c32a075027c/platformdirs-4.9.4-py3-none-any.whl", hash = "sha256:68a9a4619a666ea6439f2ff250c12a853cd1cbd5158d258bd824a7df6be2f868", size = 21216, upload-time = "2026-03-05T18:34:12.172Z" },
]

[[package]]
name = "psutil"
version = "7.2.2"
source = { registry = "https://pypi.org/simple" }
sdist = { url = "https://files.pythonhosted.org/packages/aa/c6/d1ddf4abb55e93cebc4f2ed8b5d6dbad109ecb8d63748dd2b20ab5e57ebe/psutil-7.2.2.tar.gz", hash = "sha256:0746f5f8d406af344fd547f1c8daa5f5c33dbc293bb8d6a16d80b4bb88f59372", size = 493740, upload-time = "2026-01-28T18:14:54.428Z" }
wheels = [
    { url = "https://files.pythonhosted.org/packages/81/69/ef179ab5ca24f32acc1dac0c247fd6a13b501fd5534dbae0e05a1c48b66d/psutil-7.2.2-cp314-cp314t-macosx_10_15_x86_64.whl", hash = "sha256:eed63d3b4d62449571547b60578c5b2c4bcccc5387148db46e0c2313dad0ee00", size = 130664, upload-time = "2026-01-28T18:15:09.469Z" },
    { url = "https://files.pythonhosted.org/packages/7b/64/665248b557a236d3fa9efc378d60d95ef56dd0a490c2cd37dafc7660d4a9/psutil-7.2.2-cp314-cp314t-macosx_11_0_arm64.whl", hash = "sha256:7b6d09433a10592ce39b13d7be5a54fbac1d1228ed29abc880fb23df7cb694c9", size = 131087, upload-time = "2026-01-28T18:15:11.724Z" },
    { url = "https://files.pythonhosted.org/packages/d5/2e/e6782744700d6759ebce3043dcfa661fb61e2fb752b91cdeae9af12c2178/psutil-7.2.2-cp314-cp314t-manylinux2010_x86_64.manylinux_2_12_x86_64.manylinux_2_28_x86_64.whl", hash = "sha256:1fa4ecf83bcdf6e6c8f4449aff98eefb5d0604bf88cb883d7da3d8d2d909546a", size = 182383, upload-time = "2026-01-28T18:15:13.445Z" },
    { url = "https://files.pythonhosted.org/packages/57/49/0a41cefd10cb7505cdc04dab3eacf24c0c2cb158a998b8c7b1d27ee2c1f5/psutil-7.2.2-cp314-cp314t-manylinux2014_aarch64.manylinux_2_17_aarch64.manylinux_2_28_aarch64.whl", hash = "sha256:e452c464a02e7dc7822a05d25db4cde564444a67e58539a00f929c51eddda0cf", size = 185210, upload-time = "2026-01-28T18:15:16.002Z" },
    { url = "https://files.pythonhosted.org/packages/dd/2c/ff9bfb544f283ba5f83ba725a3c5fec6d6b10b8f27ac1dc641c473dc390d/psutil-7.2.2-cp314-cp314t-win_amd64.whl", hash = "sha256:c7663d4e37f13e884d13994247449e9f8f574bc4655d509c3b95e9ec9e2b9dc1", size = 141228, upload-time = "2026-01-28T18:15:18.385Z" },
    { url = "https://files.pythonhosted.org/packages/f2/fc/f8d9c31db14fcec13748d373e668bc3bed94d9077dbc17fb0eebc073233c/psutil-7.2.2-cp314-cp314t-win_arm64.whl", hash = "sha256:11fe5a4f613759764e79c65cf11ebdf26e33d6dd34336f8a337aa2996d71c841", size = 136284, upload-time = "2026-01-28T18:15:19.912Z" },
    { url = "https://files.pythonhosted.org/packages/e7/36/5ee6e05c9bd427237b11b3937ad82bb8ad2752d72c6969314590dd0c2f6e/psutil-7.2.2-cp36-abi3-macosx_10_9_x86_64.whl", hash = "sha256:ed0cace939114f62738d808fdcecd4c869222507e266e574799e9c0faa17d486", size = 129090, upload-time = "2026-01-28T18:15:22.168Z" },
    { url = "https://files.pythonhosted.org/packages/80/c4/f5af4c1ca8c1eeb2e92ccca14ce8effdeec651d5ab6053c589b074eda6e1/psutil-7.2.2-cp36-abi3-macosx_11_0_arm64.whl", hash = "sha256:1a7b04c10f32cc88ab39cbf606e117fd74721c831c98a27dc04578deb0c16979", size = 129859, upload-time = "2026-01-28T18:15:23.795Z" },
    { url = "https://files.pythonhosted.org/packages/b5/70/5d8df3b09e25bce090399cf48e452d25c935ab72dad19406c77f4e828045/psutil-7.2.2-cp36-abi3-manylinux2010_x86_64.manylinux_2_12_x86_64.manylinux_2_28_x86_64.whl", hash = "sha256:076a2d2f923fd4821644f5ba89f059523da90dc9014e85f8e45a5774ca5bc6f9", size = 155560, upload-time = "2026-01-28T18:15:25.976Z" },
    { url = "https://files.pythonhosted.org/packages/63/65/37648c0c158dc222aba51c089eb3bdfa238e621674dc42d48706e639204f/psutil-7.2.2-cp36-abi3-manylinux2014_aarch64.manylinux_2_17_aarch64.manylinux_2_28_aarch64.whl", hash = "sha256:b0726cecd84f9474419d67252add4ac0cd9811b04d61123054b9fb6f57df6e9e", size = 156997, upload-time = "2026-01-28T18:15:27.794Z" },
    { url = "https://files.pythonhosted.org/packages/8e/13/125093eadae863ce03c6ffdbae9929430d116a246ef69866dad94da3bfbc/psutil-7.2.2-cp36-abi3-musllinux_1_2_aarch64.whl", hash = "sha256:fd04ef36b4a6d599bbdb225dd1d3f51e00105f6d48a28f006da7f9822f2606d8", size = 148972, upload-time = "2026-01-28T18:15:29.342Z" },
    { url = "https://files.pythonhosted.org/packages/04/78/0acd37ca84ce3ddffaa92ef0f571e073faa6d8ff1f0559ab1272188ea2be/psutil-7.2.2-cp36-abi3-musllinux_1_2_x86_64.whl", hash = "sha256:b58fabe35e80b264a4e3bb23e6b96f9e45a3df7fb7eed419ac0e5947c61e47cc", size = 148266, upload-time = "2026-01-28T18:15:31.597Z" },
    { url = "https://files.pythonhosted.org/packages/b4/90/e2159492b5426be0c1fef7acba807a03511f97c5f86b3caeda6ad92351a7/psutil-7.2.2-cp37-abi3-win_amd64.whl", hash = "sha256:eb7e81434c8d223ec4a219b5fc1c47d0417b12be7ea866e24fb5ad6e84b3d988", size = 137737, upload-time = "2026-01-28T18:15:33.849Z" },
    { url = "https://files.pythonhosted.org/packages/8c/c7/7bb2e321574b10df20cbde462a94e2b71d05f9bbda251ef27d104668306a/psutil-7.2.2-cp37-abi3-win_arm64.whl", hash = "sha256:8c233660f575a5a89e6d4cb65d9f938126312bca76d8fe087b947b3a1aaac9ee", size = 134617, upload-time = "2026-01-28T18:15:36.514Z" },
]

[[package]]
name = "pymeasure"
version = "0.15.0"
source = { registry = "https://pypi.org/simple" }
dependencies = [
    { name = "numpy" },
    { name = "pandas" },
    { name = "pint" },
    { name = "pyqtgraph" },
    { name = "pyserial" },
    { name = "pyvisa" },
]
sdist = { url = "https://files.pythonhosted.org/packages/16/27/232d96a29851d83146f8c80f6fb3d2193819d06aeafcbdf7b14054967978/pymeasure-0.15.0.tar.gz", hash = "sha256:2867db427948ac3487b365c64ed5805507899808b08450285327f21e72a36ae1", size = 3880853, upload-time = "2025-01-15T15:40:55.803Z" }
wheels = [
    { url = "https://files.pythonhosted.org/packages/5e/76/25122ed2937e3c71c90294da0f2b5f80a74f4604a7c11a36c0ed869fe942/PyMeasure-0.15.0-py3-none-any.whl", hash = "sha256:bae7c3ad63d3e9c6eaba0675e9dab4bc30a0d64a05e273307c26df89909b41a6", size = 800183, upload-time = "2025-01-15T15:40:53.372Z" },
]

[[package]]
name = "pyqtgraph"
version = "0.14.0"
source = { registry = "https://pypi.org/simple" }
dependencies = [
    { name = "colorama" },
    { name = "numpy" },
]
wheels = [
    { url = "https://files.pythonhosted.org/packages/32/36/4c242f81fdcbfa4fb62a5645f6af79191f4097a0577bd5460c24f19cc4ef/pyqtgraph-0.14.0-py3-none-any.whl", hash = "sha256:7abb7c3e17362add64f8711b474dffac5e7b0e9245abdf992e9a44119b7aa4f5", size = 1924755, upload-time = "2025-11-16T19:43:22.251Z" },
]

[[package]]
name = "pyserial"
version = "3.5"
source = { registry = "https://pypi.org/simple" }
sdist = { url = "https://files.pythonhosted.org/packages/1e/7d/ae3f0a63f41e4d2f6cb66a5b57197850f919f59e558159a4dd3a818f5082/pyserial-3.5.tar.gz", hash = "sha256:3c77e014170dfffbd816e6ffc205e9842efb10be9f58ec16d3e8675b4925cddb", size = 159125, upload-time = "2020-11-23T03:59:15.045Z" }
wheels = [
    { url = "https://files.pythonhosted.org/packages/07/bc/587a445451b253b285629263eb51c2d8e9bcea4fc97826266d186f96f558/pyserial-3.5-py2.py3-none-any.whl", hash = "sha256:c4451db6ba391ca6ca299fb3ec7bae67a5c55dde170964c7a14ceefec02f2cf0", size = 90585, upload-time = "2020-11-23T03:59:13.41Z" },
]

[[package]]
name = "pyside6"
version = "6.10.2"
source = { registry = "https://pypi.org/simple" }
dependencies = [
    { name = "pyside6-addons" },
    { name = "pyside6-essentials" },
    { name = "shiboken6" },
]
wheels = [
    { url = "https://files.pythonhosted.org/packages/35/0f/5736889fc850794623692cb369e295a994175e51295fa52134626f486296/pyside6-6.10.2-cp39-abi3-macosx_13_0_universal2.whl", hash = "sha256:4b084293caa7845d0064aaf6af258e0f7caae03a14a33537d0a552131afddaf0", size = 563185, upload-time = "2026-02-02T08:50:47.161Z" },
    { url = "https://files.pythonhosted.org/packages/35/d3/ab5cd2fac3d34469c7376e0cd18eec92905dbe44748c70bda7699a2a7206/pyside6-6.10.2-cp39-abi3-manylinux_2_34_x86_64.whl", hash = "sha256:1b89ce8558d4b4f35b85bff1db90d680912e4d3ce9e79ff804d6fef1d1a151ef", size = 563357, upload-time = "2026-02-02T08:50:48.919Z" },
    { url = "https://files.pythonhosted.org/packages/ea/8c/55bbd50c138c8dc12edc9f25e9d94760a33e574905468e98dff399094baa/pyside6-6.10.2-cp39-abi3-manylinux_2_39_aarch64.whl", hash = "sha256:0439f5e9b10ebe6177981bac9e219096ec970ac6ec215bef055279802ba50601", size = 563357, upload-time = "2026-02-02T08:50:50.077Z" },
    { url = "https://files.pythonhosted.org/packages/4f/d4/673b8112b4a260377f760be835c4e357163fdaf68a56a1aec59aeb8e584b/pyside6-6.10.2-cp39-abi3-win_amd64.whl", hash = "sha256:032bad6b18a17fcbf4dddd0397f49b07f8aae7f1a45b7e4de7037bf7fd6e0edf", size = 569554, upload-time = "2026-02-02T08:50:51.147Z" },
    { url = "https://files.pythonhosted.org/packages/14/95/bda648fcccf61fe58cb417284716ae30acdddd44f7d4cbad6eea4ccaa872/pyside6-6.10.2-cp39-abi3-win_arm64.whl", hash = "sha256:65a59ad0bc92525639e3268d590948ce07a80ee97b55e7a9200db41d493cac31", size = 553828, upload-time = "2026-02-02T08:50:52.244Z" },
]

[[package]]
name = "pyside6-addons"
version = "6.10.2"
source = { registry = "https://pypi.org/simple" }
dependencies = [
    { name = "pyside6-essentials" },
    { name = "shiboken6" },
]
wheels = [
    { url = "https://files.pythonhosted.org/packages/61/06/c283567628ffa2cefc3c72374ad607f1dfc9842a03db65f1347b9ae52bee/pyside6_addons-6.10.2-cp39-abi3-macosx_13_0_universal2.whl", hash = "sha256:0de7d0c9535e17d5e3b634b61314a1867f3b0f6d35c3d7cdc99efc353192faff", size = 322745605, upload-time = "2026-02-02T08:39:19.929Z" },
    { url = "https://files.pythonhosted.org/packages/a5/69/e1ab8c756fd3984b1fd7b186446227f524f6b561160bfbfdba8874b4709a/pyside6_addons-6.10.2-cp39-abi3-manylinux_2_34_x86_64.whl", hash = "sha256:030a851163b51dbf0063be59e9ddb6a9e760bde89a28e461ccc81a224d286eaf", size = 170718434, upload-time = "2026-02-02T08:40:55.989Z" },
    { url = "https://files.pythonhosted.org/packages/df/e5/18ba86ba86d1231c486d36f9accfe862ed6eb52ca0b698aeaf6e837a87ca/pyside6_addons-6.10.2-cp39-abi3-manylinux_2_39_aarch64.whl", hash = "sha256:fcee0373e3fd7b98f014094e5e37b4a39e4de7c5a47c13f654a7d557d4a426ad", size = 166423836, upload-time = "2026-02-02T08:42:44.918Z" },
    { url = "https://files.pythonhosted.org/packages/99/13/503bec9201881968c372cb634069535e80aec2489f3907d676e151a1023f/pyside6_addons-6.10.2-cp39-abi3-win_amd64.whl", hash = "sha256:c20150068525a17494f3b6576c5d61c417cf9a5870659e29f5ebd83cd20a78ea", size = 164712775, upload-time = "2026-02-02T08:43:23.729Z" },
    { url = "https://files.pythonhosted.org/packages/b6/39/44d6710b4dd18d745077b5fc6ded4ba6f32987a6e49c5834529e50f02155/pyside6_addons-6.10.2-cp39-abi3-win_arm64.whl", hash = "sha256:3d18db739b46946ba7b722d8ad4cc2097135033aa6ea57076e64d591e6a345f3", size = 34041396, upload-time = "2026-02-02T08:43:31.246Z" },
]

[[package]]
name = "pyside6-essentials"
version = "6.10.2"
source = { registry = "https://pypi.org/simple" }
dependencies = [
    { name = "shiboken6" },
]
wheels = [
    { url = "https://files.pythonhosted.org/packages/1d/2e/5f18a77f5e0bd730bacec93a690d0ef3c96a9711d213653eacecbf241b8d/pyside6_essentials-6.10.2-cp39-abi3-macosx_13_0_universal2.whl", hash = "sha256:1dee2cb9803ff135f881dadeb5c0edcef793d1ec4f8a9140a1348cecb71074e1", size = 105913067, upload-time = "2026-02-02T08:45:37.508Z" },
    { url = "https://files.pythonhosted.org/packages/99/20/3a6ca95052e1744b5a3eba164e2dd451d358a3dcaf78179de4b45c8e3f47/pyside6_essentials-6.10.2-cp39-abi3-manylinux_2_34_x86_64.whl", hash = "sha256:660aea45bfa36f1e06f799b934c2a7df963bd31abc5083e8bb8a5bfaef45686b", size = 77027153, upload-time = "2026-02-02T08:45:53.09Z" },
    { url = "https://files.pythonhosted.org/packages/93/a6/6073e4ddc2a5c7b3941606e4bc8bbaadcf0737f57450620b0793041c8d22/pyside6_essentials-6.10.2-cp39-abi3-manylinux_2_39_aarch64.whl", hash = "sha256:c2b028e4c6f8047a02c31f373408e23b4eedfd405f56c6aba8d0525c29472835", size = 76114242, upload-time = "2026-02-02T08:46:07.184Z" },
    { url = "https://files.pythonhosted.org/packages/22/a8/616bbbd009efd3e17bf9a2db09d90c6764c010565cd2bdea2a240bfd18f7/pyside6_essentials-6.10.2-cp39-abi3-win_amd64.whl", hash = "sha256:0741018c2b6395038cad4c41775cfae3f13a409e87995ac9f7d89e5b1fb6b22a", size = 74546490, upload-time = "2026-02-02T08:46:26.395Z" },
    { url = "https://files.pythonhosted.org/packages/b9/f9/c9757a984c4ffb6d12fab69e966d95dfc862a5d44e12b7900f3a03780b76/pyside6_essentials-6.10.2-cp39-abi3-win_arm64.whl", hash = "sha256:db5f4913648bb6afddb8b347edae151ee2378f12bceb03c8b2515a530a4b38d9", size = 55258626, upload-time = "2026-02-02T08:46:36.788Z" },
]

[[package]]
name = "python-dateutil"
version = "2.9.0.post0"
source = { registry = "https://pypi.org/simple" }
dependencies = [
    { name = "six" },
]
sdist = { url = "https://files.pythonhosted.org/packages/66/c0/0c8b6ad9f17a802ee498c46e004a0eb49bc148f2fd230864601a86dcf6db/python-dateutil-2.9.0.post0.tar.gz", hash = "sha256:37dd54208da7e1cd875388217d5e00ebd4179249f90fb72437e91a35459a0ad3", size = 342432, upload-time = "2024-03-01T18:36:20.211Z" }
wheels = [
    { url = "https://files.pythonhosted.org/packages/ec/57/56b9bcc3c9c6a792fcbaf139543cee77261f3651ca9da0c93f5c1221264b/python_dateutil-2.9.0.post0-py2.py3-none-any.whl", hash = "sha256:a8b2bc7bffae282281c8140a97d3aa9c14da0b136dfe83f850eea9a5f7470427", size = 229892, upload-time = "2024-03-01T18:36:18.57Z" },
]

[[package]]
name = "pytz"
version = "2026.1.post1"
source = { registry = "https://pypi.org/simple" }
sdist = { url = "https://files.pythonhosted.org/packages/56/db/b8721d71d945e6a8ac63c0fc900b2067181dbb50805958d4d4661cf7d277/pytz-2026.1.post1.tar.gz", hash = "sha256:3378dde6a0c3d26719182142c56e60c7f9af7e968076f31aae569d72a0358ee1", size = 321088, upload-time = "2026-03-03T07:47:50.683Z" }
wheels = [
    { url = "https://files.pythonhosted.org/packages/10/99/781fe0c827be2742bcc775efefccb3b048a3a9c6ce9aec0cbf4a101677e5/pytz-2026.1.post1-py2.py3-none-any.whl", hash = "sha256:f2fd16142fda348286a75e1a524be810bb05d444e5a081f37f7affc635035f7a", size = 510489, upload-time = "2026-03-03T07:47:49.167Z" },
]

[[package]]
name = "pyvisa"
version = "1.16.2"
source = { registry = "https://pypi.org/simple" }
dependencies = [
    { name = "typing-extensions" },
]
sdist = { url = "https://files.pythonhosted.org/packages/13/72/a50adff945e66f2161a44b243970f809de19152a2e7da0473ae8ff96d642/pyvisa-1.16.2.tar.gz", hash = "sha256:75beb93eeafe20a50be5726fa4e3a645948c93d86819f9c1f8c542efa4085a38", size = 238729, upload-time = "2026-02-27T12:14:08.54Z" }
wheels = [
    { url = "https://files.pythonhosted.org/packages/e4/a9/776da4f397003cca093659524c3526590522f81b642936838428c11274e6/pyvisa-1.16.2-py3-none-any.whl", hash = "sha256:54f034adafd3e8d1858d57cdafec64e920444f4b84b31c9fd17487fbad0a197a", size = 181413, upload-time = "2026-02-27T12:14:07.301Z" },
]

[[package]]
name = "pyvisa-py"
version = "0.8.1"
source = { registry = "https://pypi.org/simple" }
dependencies = [
    { name = "pyvisa" },
    { name = "typing-extensions" },
]
sdist = { url = "https://files.pythonhosted.org/packages/55/8d/0f1af2b39feca8868d0692a2c5d0c47f4ad559a051fb678c441fe1e99536/pyvisa_py-0.8.1.tar.gz", hash = "sha256:db53d3219d971d16b8f7c764a93e08475875063635b9ad8ea3c988439833ccdd", size = 102061, upload-time = "2025-09-04T20:48:21.639Z" }
wheels = [
    { url = "https://files.pythonhosted.org/packages/70/0b/06ccf917ce30d78d75e452d0afc89236b1d384b776c5c33d75c8cc55fbe7/pyvisa_py-0.8.1-py3-none-any.whl", hash = "sha256:31208a2933c1793b4e829ba5f07d265b83f280668df440ee7ee6ac505dea4ee9", size = 82206, upload-time = "2025-09-04T20:48:20.13Z" },
]

[[package]]
name = "shiboken6"
version = "6.10.2"
source = { registry = "https://pypi.org/simple" }
wheels = [
    { url = "https://files.pythonhosted.org/packages/fb/38/3912eb08a3b865b5fcdb4bdce8076cacc211986cee587f5cb62e637791af/shiboken6-6.10.2-cp39-abi3-macosx_13_0_universal2.whl", hash = "sha256:3bd4e94e9a3c8c1fa8362fd752d399ef39265d5264e4e37bae61cdaa2a00c8c7", size = 479829, upload-time = "2026-02-02T08:50:22.495Z" },
    { url = "https://files.pythonhosted.org/packages/52/88/292e0576489c46624ab419ee284ac5a59ae10e2eb34a58b6abca51dfd290/shiboken6-6.10.2-cp39-abi3-manylinux_2_34_x86_64.whl", hash = "sha256:ace0790032d9cb0adda644b94ee28d59410180d9773643bb6cf8438c361987ad", size = 273052, upload-time = "2026-02-02T08:50:24.539Z" },
    { url = "https://files.pythonhosted.org/packages/06/c2/03d44d34e8264e1f25671677fece95b414c70fd85dcc2be8d5e821ee2628/shiboken6-6.10.2-cp39-abi3-manylinux_2_39_aarch64.whl", hash = "sha256:f74d3ed1f92658077d0630c39e694eb043aeb1d830a5d275176c45d07147427f", size = 269868, upload-time = "2026-02-02T08:50:25.662Z" },
    { url = "https://files.pythonhosted.org/packages/71/5d/5ca52c0ef86b3d01572131b6709bd531a080995f7e680720e9424328ce1d/shiboken6-6.10.2-cp39-abi3-win_amd64.whl", hash = "sha256:10f3c8c5e1b8bee779346f21c10dbc14cff068f0b0b4e62420c82a6bf36ac2e7", size = 1222052, upload-time = "2026-02-02T08:50:27.502Z" },
    { url = "https://files.pythonhosted.org/packages/46/52/421fd378313c89b67ee7d584bf4e9ec088fa1804891b8d74e02b16703457/shiboken6-6.10.2-cp39-abi3-win_arm64.whl", hash = "sha256:20c671645d70835af212ee05df60361d734c5305edb2746e9875c6a31283f963", size = 1784089, upload-time = "2026-02-02T08:50:29.069Z" },
]

[[package]]
name = "six"
version = "1.17.0"
source = { registry = "https://pypi.org/simple" }
sdist = { url = "https://files.pythonhosted.org/packages/94/e7/b2c673351809dca68a0e064b6af791aa332cf192da575fd474ed7d6f16a2/six-1.17.0.tar.gz", hash = "sha256:ff70335d468e7eb6ec65b95b99d3a2836546063f63acc5171de367e834932a81", size = 34031, upload-time = "2024-12-04T17:35:28.174Z" }
wheels = [
    { url = "https://files.pythonhosted.org/packages/b7/ce/149a00dd41f10bc29e5921b496af8b574d8413afcd5e30dfa0ed46c2cc5e/six-1.17.0-py2.py3-none-any.whl", hash = "sha256:4721f391ed90541fddacab5acf947aa0d3dc7d27b2e1e8eda2be8970586c3274", size = 11050, upload-time = "2024-12-04T17:35:26.475Z" },
]

[[package]]
name = "typing-extensions"
version = "4.15.0"
source = { registry = "https://pypi.org/simple" }
sdist = { url = "https://files.pythonhosted.org/packages/72/94/1a15dd82efb362ac84269196e94cf00f187f7ed21c242792a923cdb1c61f/typing_extensions-4.15.0.tar.gz", hash = "sha256:0cea48d173cc12fa28ecabc3b837ea3cf6f38c6d1136f85cbaaf598984861466", size = 109391, upload-time = "2025-08-25T13:49:26.313Z" }
wheels = [
    { url = "https://files.pythonhosted.org/packages/18/67/36e9267722cc04a6b9f15c7f3441c2363321a3ea07da7ae0c0707beb2a9c/typing_extensions-4.15.0-py3-none-any.whl", hash = "sha256:f0fa19c6845758ab08074a0cfa8b7aecb71c999ca73d62883bc25cc018c4e548", size = 44614, upload-time = "2025-08-25T13:49:24.86Z" },
]

[[package]]
name = "tzdata"
version = "2025.3"
source = { registry = "https://pypi.org/simple" }
sdist = { url = "https://files.pythonhosted.org/packages/5e/a7/c202b344c5ca7daf398f3b8a477eeb205cf3b6f32e7ec3a6bac0629ca975/tzdata-2025.3.tar.gz", hash = "sha256:de39c2ca5dc7b0344f2eba86f49d614019d29f060fc4ebc8a417896a620b56a7", size = 196772, upload-time = "2025-12-13T17:45:35.667Z" }
wheels = [
    { url = "https://files.pythonhosted.org/packages/c7/b0/003792df09decd6849a5e39c28b513c06e84436a54440380862b5aeff25d/tzdata-2025.3-py2.py3-none-any.whl", hash = "sha256:06a47e5700f3081aab02b2e513160914ff0694bce9947d6b76ebd6bf57cfc5d1", size = 348521, upload-time = "2025-12-13T17:45:33.889Z" },
]

[[package]]
name = "zeroconf"
version = "0.148.0"
source = { registry = "https://pypi.org/simple" }
dependencies = [
    { name = "ifaddr" },
]
sdist = { url = "https://files.pythonhosted.org/packages/67/46/10db987799629d01930176ae523f70879b63577060d63e05ebf9214aba4b/zeroconf-0.148.0.tar.gz", hash = "sha256:03fcca123df3652e23d945112d683d2f605f313637611b7d4adf31056f681702", size = 164447, upload-time = "2025-10-05T00:21:19.199Z" }
wheels = [
    { url = "https://files.pythonhosted.org/packages/a5/46/ac86e3a3ff355058cd0818b01a3a97ca3f2abc0a034f1edb8eea27cea65c/zeroconf-0.148.0-cp314-cp314-macosx_10_13_x86_64.whl", hash = "sha256:2158d8bfefcdb90237937df65b2235870ccef04644497e4e29d3ab5a4b3199b6", size = 1714870, upload-time = "2025-10-05T01:08:47.624Z" },
    { url = "https://files.pythonhosted.org/packages/de/02/c5e8cd8dfda0ca16c7309c8d12c09a3114e5b50054bce3c93da65db8b8e4/zeroconf-0.148.0-cp314-cp314-macosx_11_0_arm64.whl", hash = "sha256:695f6663bf8df30fe1826a2c4d5acd8213d9cbd9111f59d375bf1ad635790e98", size = 1697756, upload-time = "2025-10-05T01:08:49.472Z" },
    { url = "https://files.pythonhosted.org/packages/63/04/a66c1011d05d7bb8ae6a847d41ac818271a942390f3d8c83c776389ca094/zeroconf-0.148.0-cp314-cp314-manylinux2014_aarch64.manylinux_2_17_aarch64.manylinux_2_28_aarch64.whl", hash = "sha256:aa65a24ec055be0a1cba2b986ac3e1c5d97a40abe164991aabc6a6416cc9df02", size = 2146784, upload-time = "2025-10-05T01:08:51.766Z" },
    { url = "https://files.pythonhosted.org/packages/7c/d4/2239d87c3f60f886bd2dd299e9c63b811efd58b8b6fc659d8fd0900db3bc/zeroconf-0.148.0-cp314-cp314-manylinux2014_armv7l.manylinux_2_17_armv7l.manylinux_2_31_armv7l.whl", hash = "sha256:79890df4ff696a5cdc4a59152957be568bea1423ed13632fc09e2a196c6721d5", size = 1899394, upload-time = "2025-10-05T01:08:53.457Z" },
    { url = "https://files.pythonhosted.org/packages/fb/60/534a4b576a8f9f5edff648ac9a5417323bef3086a77397f2f2058125a3c8/zeroconf-0.148.0-cp314-cp314-manylinux2014_x86_64.manylinux_2_17_x86_64.manylinux_2_28_x86_64.whl", hash = "sha256:6c0ca6e8e063eb5a385469bb8d8dec12381368031cb3a82c446225511863ede3", size = 2221319, upload-time = "2025-10-05T01:08:55.271Z" },
    { url = "https://files.pythonhosted.org/packages/b5/8c/1c8e9b7d604910830243ceb533d796dae98ed0c72902624a642487edfd61/zeroconf-0.148.0-cp314-cp314-musllinux_1_2_aarch64.whl", hash = "sha256:ece6f030cc7a771199760963c11ce4e77ed95011eedffb1ca5186247abfec24a", size = 2178586, upload-time = "2025-10-05T01:08:56.966Z" },
    { url = "https://files.pythonhosted.org/packages/16/55/178c4b95840dc687d45e413a74d2236a25395ab036f4813628271306ab9d/zeroconf-0.148.0-cp314-cp314-musllinux_1_2_armv7l.whl", hash = "sha256:c3f860ad0003a8999736fa2ae4c2051dd3c2e5df1bc1eaea2f872f5fcbd1f1c1", size = 1972371, upload-time = "2025-10-05T01:08:59.103Z" },
    { url = "https://files.pythonhosted.org/packages/fb/86/b599421fe634d9f3a2799f69e6e7db9f13f77d326331fa2bb5982e936665/zeroconf-0.148.0-cp314-cp314-musllinux_1_2_x86_64.whl", hash = "sha256:ab8e687255cf54ebeae7ede6a8be0566aec752c570e16dbea84b3f9b149ba829", size = 2244286, upload-time = "2025-10-05T01:09:01.029Z" },
    { url = "https://files.pythonhosted.org/packages/3e/cb/a30c42057be5da6bb4cbe1ab53bc3a7d9a29cd59caae097d3072a9375c14/zeroconf-0.148.0-cp314-cp314-win32.whl", hash = "sha256:6b1a6ddba3328d741798c895cecff21481863eb945c3e5d30a679461f4435684", size = 1321693, upload-time = "2025-10-05T01:09:02.715Z" },
    { url = "https://files.pythonhosted.org/packages/2c/38/06873cdf769130af463ef5acadbaf4a50826a7274374bc3b9a4ec5d32678/zeroconf-0.148.0-cp314-cp314-win_amd64.whl", hash = "sha256:2588f1ca889f57cdc09b3da0e51175f1b6153ce0f060bf5eb2a8804c5953b135", size = 1563980, upload-time = "2025-10-05T01:09:04.857Z" },
    { url = "https://files.pythonhosted.org/packages/36/fb/53d749793689279bc9657d818615176577233ad556d62f76f719e86ead1d/zeroconf-0.148.0-cp314-cp314t-macosx_10_13_x86_64.whl", hash = "sha256:40fe100381365c983a89e4b219a7ececcc2a789ac179cd26d4a6bbe00ae3e8fe", size = 3418152, upload-time = "2025-10-05T01:09:06.71Z" },
    { url = "https://files.pythonhosted.org/packages/b9/19/5eb647f7277378cbfdb6943dc8e60c3b17cdd1556f5082ccfdd6813e1ce8/zeroconf-0.148.0-cp314-cp314t-macosx_11_0_arm64.whl", hash = "sha256:0b9c7bcae8af8e27593bad76ee0f0c21d43c6a2324cd1e34d06e6e08cb3fd922", size = 3389671, upload-time = "2025-10-05T01:09:08.903Z" },
    { url = "https://files.pythonhosted.org/packages/86/12/3134aa54d30a9ae2e2473212eab586fe1779f845bf241e68729eca63d2ab/zeroconf-0.148.0-cp314-cp314t-manylinux2014_aarch64.manylinux_2_17_aarch64.manylinux_2_28_aarch64.whl", hash = "sha256:cf8ba75dacd58558769afb5da24d83da4fdc2a5c43a52f619aaa107fa55d3fdc", size = 4123125, upload-time = "2025-10-05T01:09:11.064Z" },
    { url = "https://files.pythonhosted.org/packages/12/23/4a0284254ebce373ff1aee7240932a0599ecf47e3c711f93242a861aa382/zeroconf-0.148.0-cp314-cp314t-manylinux2014_armv7l.manylinux_2_17_armv7l.manylinux_2_31_armv7l.whl", hash = "sha256:75f9a8212c541a4447c064433862fd4b23d75d47413912a28204d2f9c4929a59", size = 3651426, upload-time = "2025-10-05T01:09:13.725Z" },
    { url = "https://files.pythonhosted.org/packages/76/9a/7b79ef986b5467bb8f17b9a9e6eea887b0b56ecafc00515c81d118e681b4/zeroconf-0.148.0-cp314-cp314t-manylinux2014_x86_64.manylinux_2_17_x86_64.manylinux_2_28_x86_64.whl", hash = "sha256:be64c0eb48efa1972c13f7f17a7ac0ed7932ebb9672e57f55b17536412146206", size = 4263151, upload-time = "2025-10-05T01:09:15.732Z" },
    { url = "https://files.pythonhosted.org/packages/dd/0a/caa6d05548ca7cf28a0b8aa20a9dbb0f8176172f28799e53ea11f78692a3/zeroconf-0.148.0-cp314-cp314t-musllinux_1_2_aarch64.whl", hash = "sha256:ac1d4ee1d5bac71c27aea6d1dc1e1485423a1631a81be1ea65fb45ac280ade96", size = 4191717, upload-time = "2025-10-05T01:09:18.071Z" },
    { url = "https://files.pythonhosted.org/packages/46/f6/dbafa3b0f2d7a09315ed3ad588d36de79776ce49e00ec945c6195cad3f18/zeroconf-0.148.0-cp314-cp314t-musllinux_1_2_armv7l.whl", hash = "sha256:8da9bdb39ead9d5971136046146cd5e11413cb979c011e19f717b098788b5c37", size = 3793490, upload-time = "2025-10-05T01:09:20.045Z" },
    { url = "https://files.pythonhosted.org/packages/c4/05/f8b88937659075116c122355bdd9ce52376cc46e2269d91d7d4f10c9a658/zeroconf-0.148.0-cp314-cp314t-musllinux_1_2_x86_64.whl", hash = "sha256:f6e3dd22732df47a126aefb5ca4b267e828b47098a945d4468d38c72843dd6df", size = 4311455, upload-time = "2025-10-05T01:09:22.042Z" },
    { url = "https://files.pythonhosted.org/packages/58/c0/359bdb3b435d9c573aec1f877f8a63d5e81145deb6c160de89647b237363/zeroconf-0.148.0-cp314-cp314t-win32.whl", hash = "sha256:cdc8083f0b5efa908ab6c8e41687bcb75fd3d23f49ee0f34cbc58422437a456f", size = 2755961, upload-time = "2025-10-05T01:09:24.041Z" },
    { url = "https://files.pythonhosted.org/packages/d8/ab/7b487afd5d1fd053c5a018565be734ac6d5e554bce938c7cc126154adcfc/zeroconf-0.148.0-cp314-cp314t-win_amd64.whl", hash = "sha256:f72c1f77a89638e87f243a63979f0fd921ce391f83e18e17ec88f9f453717701", size = 3309977, upload-time = "2025-10-05T01:09:26.039Z" },
]
